// !$*UTF8*$!
{
	archiveVersion = 1;
	classes = {
	};
	objectVersion = 46;
	objects = {

/* Begin PBXBuildFile section */
		8709BC741AAFBC4900F251D8 /* main.m in Sources */ = {isa = PBXBuildFile; fileRef = 8709BC731AAFBC4900F251D8 /* main.m */; };
		8709BC771AAFBC4900F251D8 /* AppDelegate.m in Sources */ = {isa = PBXBuildFile; fileRef = 8709BC761AAFBC4900F251D8 /* AppDelegate.m */; };
		8709BC7A1AAFBC4900F251D8 /* ViewController.m in Sources */ = {isa = PBXBuildFile; fileRef = 8709BC791AAFBC4900F251D8 /* ViewController.m */; };
		8709BC7D1AAFBC4900F251D8 /* Main.storyboard in Resources */ = {isa = PBXBuildFile; fileRef = 8709BC7B1AAFBC4900F251D8 /* Main.storyboard */; };
		8709BC7F1AAFBC4900F251D8 /* Images.xcassets in Resources */ = {isa = PBXBuildFile; fileRef = 8709BC7E1AAFBC4900F251D8 /* Images.xcassets */; };
		8709BC821AAFBC4900F251D8 /* LaunchScreen.xib in Resources */ = {isa = PBXBuildFile; fileRef = 8709BC801AAFBC4900F251D8 /* LaunchScreen.xib */; };
		8709BC8E1AAFBC4900F251D8 /* ADColorImageTests.m in Sources */ = {isa = PBXBuildFile; fileRef = 8709BC8D1AAFBC4900F251D8 /* ADColorImageTests.m */; };
		8709BC991AAFBCF100F251D8 /* UIImage+ADColorImage.m in Sources */ = {isa = PBXBuildFile; fileRef = 8709BC981AAFBCF100F251D8 /* UIImage+ADColorImage.m */; };
/* End PBXBuildFile section */

/* Begin PBXContainerItemProxy section */
		8709BC881AAFBC4900F251D8 /* PBXContainerItemProxy */ = {
			isa = PBXContainerItemProxy;
			containerPortal = 8709BC661AAFBC4900F251D8 /* Project object */;
			proxyType = 1;
			remoteGlobalIDString = 8709BC6D1AAFBC4900F251D8;
			remoteInfo = ADColorImage;
		};
/* End PBXContainerItemProxy section */

/* Begin PBXFileReference section */
		8709BC6E1AAFBC4900F251D8 /* ADColorImage.app */ = {isa = PBXFileReference; explicitFileType = wrapper.application; includeInIndex = 0; path = ADColorImage.app; sourceTree = BUILT_PRODUCTS_DIR; };
		8709BC721AAFBC4900F251D8 /* Info.plist */ = {isa = PBXFileReference; lastKnownFileType = text.plist.xml; path = Info.plist; sourceTree = "<group>"; };
		8709BC731AAFBC4900F251D8 /* main.m */ = {isa = PBXFileReference; lastKnownFileType = sourcecode.c.objc; path = main.m; sourceTree = "<group>"; };
		8709BC751AAFBC4900F251D8 /* AppDelegate.h */ = {isa = PBXFileReference; lastKnownFileType = sourcecode.c.h; path = AppDelegate.h; sourceTree = "<group>"; };
		8709BC761AAFBC4900F251D8 /* AppDelegate.m */ = {isa = PBXFileReference; lastKnownFileType = sourcecode.c.objc; path = AppDelegate.m; sourceTree = "<group>"; };
		8709BC781AAFBC4900F251D8 /* ViewController.h */ = {isa = PBXFileReference; lastKnownFileType = sourcecode.c.h; path = ViewController.h; sourceTree = "<group>"; };
		8709BC791AAFBC4900F251D8 /* ViewController.m */ = {isa = PBXFileReference; lastKnownFileType = sourcecode.c.objc; path = ViewController.m; sourceTree = "<group>"; };
		8709BC7C1AAFBC4900F251D8 /* Base */ = {isa = PBXFileReference; lastKnownFileType = file.storyboard; name = Base; path = Base.lproj/Main.storyboard; sourceTree = "<group>"; };
		8709BC7E1AAFBC4900F251D8 /* Images.xcassets */ = {isa = PBXFileReference; lastKnownFileType = folder.assetcatalog; path = Images.xcassets; sourceTree = "<group>"; };
		8709BC811AAFBC4900F251D8 /* Base */ = {isa = PBXFileReference; lastKnownFileType = file.xib; name = Base; path = Base.lproj/LaunchScreen.xib; sourceTree = "<group>"; };
		8709BC871AAFBC4900F251D8 /* ADColorImageTests.xctest */ = {isa = PBXFileReference; explicitFileType = wrapper.cfbundle; includeInIndex = 0; path = ADColorImageTests.xctest; sourceTree = BUILT_PRODUCTS_DIR; };
		8709BC8C1AAFBC4900F251D8 /* Info.plist */ = {isa = PBXFileReference; lastKnownFileType = text.plist.xml; path = Info.plist; sourceTree = "<group>"; };
		8709BC8D1AAFBC4900F251D8 /* ADColorImageTests.m */ = {isa = PBXFileReference; lastKnownFileType = sourcecode.c.objc; path = ADColorImageTests.m; sourceTree = "<group>"; };
		8709BC971AAFBCF100F251D8 /* UIImage+ADColorImage.h */ = {isa = PBXFileReference; fileEncoding = 4; lastKnownFileType = sourcecode.c.h; name = "UIImage+ADColorImage.h"; path = "UIImage+ADColorImage/UIImage+ADColorImage.h"; sourceTree = "<group>"; };
		8709BC981AAFBCF100F251D8 /* UIImage+ADColorImage.m */ = {isa = PBXFileReference; fileEncoding = 4; lastKnownFileType = sourcecode.c.objc; name = "UIImage+ADColorImage.m"; path = "UIImage+ADColorImage/UIImage+ADColorImage.m"; sourceTree = "<group>"; };
/* End PBXFileReference section */

/* Begin PBXFrameworksBuildPhase section */
		8709BC6B1AAFBC4900F251D8 /* Frameworks */ = {
			isa = PBXFrameworksBuildPhase;
			buildActionMask = 2147483647;
			files = (
			);
			runOnlyForDeploymentPostprocessing = 0;
		};
		8709BC841AAFBC4900F251D8 /* Frameworks */ = {
			isa = PBXFrameworksBuildPhase;
			buildActionMask = 2147483647;
			files = (
			);
			runOnlyForDeploymentPostprocessing = 0;
		};
/* End PBXFrameworksBuildPhase section */

/* Begin PBXGroup section */
		8709BC651AAFBC4900F251D8 = {
			isa = PBXGroup;
			children = (
				8709BC701AAFBC4900F251D8 /* ADColorImage */,
				8709BC8A1AAFBC4900F251D8 /* ADColorImageTests */,
				8709BC6F1AAFBC4900F251D8 /* Products */,
			);
			sourceTree = "<group>";
		};
		8709BC6F1AAFBC4900F251D8 /* Products */ = {
			isa = PBXGroup;
			children = (
				8709BC6E1AAFBC4900F251D8 /* ADColorImage.app */,
				8709BC871AAFBC4900F251D8 /* ADColorImageTests.xctest */,
			);
			name = Products;
			sourceTree = "<group>";
		};
		8709BC701AAFBC4900F251D8 /* ADColorImage */ = {
			isa = PBXGroup;
			children = (
				8709BC751AAFBC4900F251D8 /* AppDelegate.h */,
				8709BC761AAFBC4900F251D8 /* AppDelegate.m */,
				8709BC781AAFBC4900F251D8 /* ViewController.h */,
				8709BC791AAFBC4900F251D8 /* ViewController.m */,
				8709BC7B1AAFBC4900F251D8 /* Main.storyboard */,
				8709BC7E1AAFBC4900F251D8 /* Images.xcassets */,
				8709BC801AAFBC4900F251D8 /* LaunchScreen.xib */,
				8709BC711AAFBC4900F251D8 /* Supporting Files */,
				8709BC9A1AAFBCF600F251D8 /* ADColorImage */,
			);
			path = ADColorImage;
			sourceTree = "<group>";
		};
		8709BC711AAFBC4900F251D8 /* Supporting Files */ = {
			isa = PBXGroup;
			children = (
				8709BC721AAFBC4900F251D8 /* Info.plist */,
				8709BC731AAFBC4900F251D8 /* main.m */,
			);
			name = "Supporting Files";
			sourceTree = "<group>";
		};
		8709BC8A1AAFBC4900F251D8 /* ADColorImageTests */ = {
			isa = PBXGroup;
			children = (
				8709BC8D1AAFBC4900F251D8 /* ADColorImageTests.m */,
				8709BC8B1AAFBC4900F251D8 /* Supporting Files */,
			);
			path = ADColorImageTests;
			sourceTree = "<group>";
		};
		8709BC8B1AAFBC4900F251D8 /* Supporting Files */ = {
			isa = PBXGroup;
			children = (
				8709BC8C1AAFBC4900F251D8 /* Info.plist */,
			);
			name = "Supporting Files";
			sourceTree = "<group>";
		};
		8709BC9A1AAFBCF600F251D8 /* ADColorImage */ = {
			isa = PBXGroup;
			children = (
				8709BC971AAFBCF100F251D8 /* UIImage+ADColorImage.h */,
				8709BC981AAFBCF100F251D8 /* UIImage+ADColorImage.m */,
			);
			name = ADColorImage;
			sourceTree = "<group>";
		};
/* End PBXGroup section */

/* Begin PBXNativeTarget section */
		8709BC6D1AAFBC4900F251D8 /* ADColorImage */ = {
			isa = PBXNativeTarget;
			buildConfigurationList = 8709BC911AAFBC4900F251D8 /* Build configuration list for PBXNativeTarget "ADColorImage" */;
			buildPhases = (
				8709BC6A1AAFBC4900F251D8 /* Sources */,
				8709BC6B1AAFBC4900F251D8 /* Frameworks */,
				8709BC6C1AAFBC4900F251D8 /* Resources */,
			);
			buildRules = (
			);
			dependencies = (
			);
			name = ADColorImage;
			productName = ADColorImage;
			productReference = 8709BC6E1AAFBC4900F251D8 /* ADColorImage.app */;
			productType = "com.apple.product-type.application";
		};
		8709BC861AAFBC4900F251D8 /* ADColorImageTests */ = {
			isa = PBXNativeTarget;
			buildConfigurationList = 8709BC941AAFBC4900F251D8 /* Build configuration list for PBXNativeTarget "ADColorImageTests" */;
			buildPhases = (
				8709BC831AAFBC4900F251D8 /* Sources */,
				8709BC841AAFBC4900F251D8 /* Frameworks */,
				8709BC851AAFBC4900F251D8 /* Resources */,
			);
			buildRules = (
			);
			dependencies = (
				8709BC891AAFBC4900F251D8 /* PBXTargetDependency */,
			);
			name = ADColorImageTests;
			productName = ADColorImageTests;
			productReference = 8709BC871AAFBC4900F251D8 /* ADColorImageTests.xctest */;
			productType = "com.apple.product-type.bundle.unit-test";
		};
/* End PBXNativeTarget section */

/* Begin PBXProject section */
		8709BC661AAFBC4900F251D8 /* Project object */ = {
			isa = PBXProject;
			attributes = {
				LastUpgradeCheck = 0610;
				ORGANIZATIONNAME = "Alessandro dos santos pinto";
				TargetAttributes = {
					8709BC6D1AAFBC4900F251D8 = {
						CreatedOnToolsVersion = 6.1.1;
					};
					8709BC861AAFBC4900F251D8 = {
						CreatedOnToolsVersion = 6.1.1;
						TestTargetID = 8709BC6D1AAFBC4900F251D8;
					};
				};
			};
			buildConfigurationList = 8709BC691AAFBC4900F251D8 /* Build configuration list for PBXProject "ADColorImage" */;
			compatibilityVersion = "Xcode 3.2";
			developmentRegion = English;
			hasScannedForEncodings = 0;
			knownRegions = (
				en,
				Base,
			);
			mainGroup = 8709BC651AAFBC4900F251D8;
			productRefGroup = 8709BC6F1AAFBC4900F251D8 /* Products */;
			projectDirPath = "";
			projectRoot = "";
			targets = (
				8709BC6D1AAFBC4900F251D8 /* ADColorImage */,
				8709BC861AAFBC4900F251D8 /* ADColorImageTests */,
			);
		};
/* End PBXProject section */

/* Begin PBXResourcesBuildPhase section */
		8709BC6C1AAFBC4900F251D8 /* Resources */ = {
			isa = PBXResourcesBuildPhase;
			buildActionMask = 2147483647;
			files = (
				8709BC7D1AAFBC4900F251D8 /* Main.storyboard in Resources */,
				8709BC821AAFBC4900F251D8 /* LaunchScreen.xib in Resources */,
				8709BC7F1AAFBC4900F251D8 /* Images.xcassets in Resources */,
			);
			runOnlyForDeploymentPostprocessing = 0;
		};
		8709BC851AAFBC4900F251D8 /* Resources */ = {
			isa = PBXResourcesBuildPhase;
			buildActionMask = 2147483647;
			files = (
			);
			runOnlyForDeploymentPostprocessing = 0;
		};
/* End PBXResourcesBuildPhase section */

/* Begin PBXSourcesBuildPhase section */
		8709BC6A1AAFBC4900F251D8 /* Sources */ = {
			isa = PBXSourcesBuildPhase;
			buildActionMask = 2147483647;
			files = (
				8709BC991AAFBCF100F251D8 /* UIImage+ADColorImage.m in Sources */,
				8709BC7A1AAFBC4900F251D8 /* ViewController.m in Sources */,
				8709BC771AAFBC4900F251D8 /* AppDelegate.m in Sources */,
				8709BC741AAFBC4900F251D8 /* main.m in Sources */,
			);
			runOnlyForDeploymentPostprocessing = 0;
		};
		8709BC831AAFBC4900F251D8 /* Sources */ = {
			isa = PBXSourcesBuildPhase;
			buildActionMask = 2147483647;
			files = (
				8709BC8E1AAFBC4900F251D8 /* ADColorImageTests.m in Sources */,
			);
			runOnlyForDeploymentPostprocessing = 0;
		};
/* End PBXSourcesBuildPhase section */

/* Begin PBXTargetDependency section */
		8709BC891AAFBC4900F251D8 /* PBXTargetDependency */ = {
			isa = PBXTargetDependency;
			target = 8709BC6D1AAFBC4900F251D8 /* ADColorImage */;
			targetProxy = 8709BC881AAFBC4900F251D8 /* PBXContainerItemProxy */;
		};
/* End PBXTargetDependency section */

/* Begin PBXVariantGroup section */
		8709BC7B1AAFBC4900F251D8 /* Main.storyboard */ = {
			isa = PBXVariantGroup;
			children = (
				8709BC7C1AAFBC4900F251D8 /* Base */,
			);
			name = Main.storyboard;
			sourceTree = "<group>";
		};
		8709BC801AAFBC4900F251D8 /* LaunchScreen.xib */ = {
			isa = PBXVariantGroup;
			children = (
				8709BC811AAFBC4900F251D8 /* Base */,
			);
			name = LaunchScreen.xib;
			sourceTree = "<group>";
		};
/* End PBXVariantGroup section */

/* Begin XCBuildConfiguration section */
		8709BC8F1AAFBC4900F251D8 /* Debug */ = {
			isa = XCBuildConfiguration;
			buildSettings = {
				ALWAYS_SEARCH_USER_PATHS = NO;
				CLANG_CXX_LANGUAGE_STANDARD = "gnu++0x";
				CLANG_CXX_LIBRARY = "libc++";
				CLANG_ENABLE_MODULES = YES;
				CLANG_ENABLE_OBJC_ARC = YES;
				CLANG_WARN_BOOL_CONVERSION = YES;
				CLANG_WARN_CONSTANT_CONVERSION = YES;
				CLANG_WARN_DIRECT_OBJC_ISA_USAGE = YES_ERROR;
				CLANG_WARN_EMPTY_BODY = YES;
				CLANG_WARN_ENUM_CONVERSION = YES;
				CLANG_WARN_INT_CONVERSION = YES;
				CLANG_WARN_OBJC_ROOT_CLASS = YES_ERROR;
				CLANG_WARN_UNREACHABLE_CODE = YES;
				CLANG_WARN__DUPLICATE_METHOD_MATCH = YES;
				"CODE_SIGN_IDENTITY[sdk=iphoneos*]" = "iPhone Developer";
				COPY_PHASE_STRIP = NO;
				ENABLE_STRICT_OBJC_MSGSEND = YES;
				GCC_C_LANGUAGE_STANDARD = gnu99;
				GCC_DYNAMIC_NO_PIC = NO;
				GCC_OPTIMIZATION_LEVEL = 0;
				GCC_PREPROCESSOR_DEFINITIONS = (
					"DEBUG=1",
					"$(inherited)",
				);
				GCC_SYMBOLS_PRIVATE_EXTERN = NO;
				GCC_WARN_64_TO_32_BIT_CONVERSION = YES;
				GCC_WARN_ABOUT_RETURN_TYPE = YES_ERROR;
				GCC_WARN_UNDECLARED_SELECTOR = YES;
				GCC_WARN_UNINITIALIZED_AUTOS = YES_AGGRESSIVE;
				GCC_WARN_UNUSED_FUNCTION = YES;
				GCC_WARN_UNUSED_VARIABLE = YES;
				IPHONEOS_DEPLOYMENT_TARGET = 8.1;
				MTL_ENABLE_DEBUG_INFO = YES;
				ONLY_ACTIVE_ARCH = YES;
				SDKROOT = iphoneos;
			};
			name = Debug;
		};
		8709BC901AAFBC4900F251D8 /* Release */ = {
			isa = XCBuildConfiguration;
			buildSettings = {
				ALWAYS_SEARCH_USER_PATHS = NO;
				CLANG_CXX_LANGUAGE_STANDARD = "gnu++0x";
				CLANG_CXX_LIBRARY = "libc++";
				CLANG_ENABLE_MODULES = YES;
				CLANG_ENABLE_OBJC_ARC = YES;
				CLANG_WARN_BOOL_CONVERSION = YES;
				CLANG_WARN_CONSTANT_CONVERSION = YES;
				CLANG_WARN_DIRECT_OBJC_ISA_USAGE = YES_ERROR;
				CLANG_WARN_EMPTY_BODY = YES;
				CLANG_WARN_ENUM_CONVERSION = YES;
				CLANG_WARN_INT_CONVERSION = YES;
				CLANG_WARN_OBJC_ROOT_CLASS = YES_ERROR;
				CLANG_WARN_UNREACHABLE_CODE = YES;
				CLANG_WARN__DUPLICATE_METHOD_MATCH = YES;
				"CODE_SIGN_IDENTITY[sdk=iphoneos*]" = "iPhone Developer";
				COPY_PHASE_STRIP = YES;
				ENABLE_NS_ASSERTIONS = NO;
				ENABLE_STRICT_OBJC_MSGSEND = YES;
				GCC_C_LANGUAGE_STANDARD = gnu99;
				GCC_WARN_64_TO_32_BIT_CONVERSION = YES;
				GCC_WARN_ABOUT_RETURN_TYPE = YES_ERROR;
				GCC_WARN_UNDECLARED_SELECTOR = YES;
				GCC_WARN_UNINITIALIZED_AUTOS = YES_AGGRESSIVE;
				GCC_WARN_UNUSED_FUNCTION = YES;
				GCC_WARN_UNUSED_VARIABLE = YES;
				IPHONEOS_DEPLOYMENT_TARGET = 8.1;
				MTL_ENABLE_DEBUG_INFO = NO;
				SDKROOT = iphoneos;
				VALIDATE_PRODUCT = YES;
			};
			name = Release;
		};
		8709BC921AAFBC4900F251D8 /* Debug */ = {
			isa = XCBuildConfiguration;
			buildSettings = {
				ASSETCATALOG_COMPILER_APPICON_NAME = AppIcon;
				INFOPLIST_FILE = ADColorImage/Info.plist;
				LD_RUNPATH_SEARCH_PATHS = "$(inherited) @executable_path/Frameworks";
				PRODUCT_NAME = "$(TARGET_NAME)";
			};
			name = Debug;
		};
		8709BC931AAFBC4900F251D8 /* Release */ = {
			isa = XCBuildConfiguration;
			buildSettings = {
				ASSETCATALOG_COMPILER_APPICON_NAME = AppIcon;
				INFOPLIST_FILE = ADColorImage/Info.plist;
				LD_RUNPATH_SEARCH_PATHS = "$(inherited) @executable_path/Frameworks";
				PRODUCT_NAME = "$(TARGET_NAME)";
			};
			name = Release;
		};
		8709BC951AAFBC4900F251D8 /* Debug */ = {
			isa = XCBuildConfiguration;
			buildSettings = {
				BUNDLE_LOADER = "$(TEST_HOST)";
				FRAMEWORK_SEARCH_PATHS = (
					"$(SDKROOT)/Developer/Library/Frameworks",
					"$(inherited)",
				);
				GCC_PREPROCESSOR_DEFINITIONS = (
					"DEBUG=1",
					"$(inherited)",
				);
				INFOPLIST_FILE = ADColorImageTests/Info.plist;
				LD_RUNPATH_SEARCH_PATHS = "$(inherited) @executable_path/Frameworks @loader_path/Frameworks";
				PRODUCT_NAME = "$(TARGET_NAME)";
				TEST_HOST = "$(BUILT_PRODUCTS_DIR)/ADColorImage.app/ADColorImage";
			};
			name = Debug;
		};
		8709BC961AAFBC4900F251D8 /* Release */ = {
			isa = XCBuildConfiguration;
			buildSettings = {
				BUNDLE_LOADER = "$(TEST_HOST)";
				FRAMEWORK_SEARCH_PATHS = (
					"$(SDKROOT)/Developer/Library/Frameworks",
					"$(inherited)",
				);
				INFOPLIST_FILE = ADColorImageTests/Info.plist;
				LD_RUNPATH_SEARCH_PATHS = "$(inherited) @executable_path/Frameworks @loader_path/Frameworks";
				PRODUCT_NAME = "$(TARGET_NAME)";
				TEST_HOST = "$(BUILT_PRODUCTS_DIR)/ADColorImage.app/ADColorImage";
			};
			name = Release;
		};
/* End XCBuildConfiguration section */

/* Begin XCConfigurationList section */
		8709BC691AAFBC4900F251D8 /* Build configuration list for PBXProject "ADColorImage" */ = {
			isa = XCConfigurationList;
			buildConfigurations = (
				8709BC8F1AAFBC4900F251D8 /* Debug */,
				8709BC901AAFBC4900F251D8 /* Release */,
			);
			defaultConfigurationIsVisible = 0;
			defaultConfigurationName = Release;
		};
		8709BC911AAFBC4900F251D8 /* Build configuration list for PBXNativeTarget "ADColorImage" */ = {
			isa = XCConfigurationList;
			buildConfigurations = (
				8709BC921AAFBC4900F251D8 /* Debug */,
				8709BC931AAFBC4900F251D8 /* Release */,
			);
			defaultConfigurationIsVisible = 0;
		};
		8709BC941AAFBC4900F251D8 /* Build configuration list for PBXNativeTarget "ADColorImageTests" */ = {
			isa = XCConfigurationList;
			buildConfigurations = (
				8709BC951AAFBC4900F251D8 /* Debug */,
				8709BC961AAFBC4900F251D8 /* Release */,
			);
			defaultConfigurationIsVisible = 0;
		};
/* End XCConfigurationList section */
	};
	rootObject = 8709BC661AAFBC4900F251D8 /* Project object */;
}
